{
  "lockVersion": 1,
  "hemlock": "1.1.0",
  "dependencies": {
    "Yotis-Studios/gn.hml": {
      "version": "0.2.0",
      "resolved": "https://github.com/Yotis-Studios/gn.hml/archive/refs/tags/v0.2.0.tar.gz",
      "integrity": "sha256-547d52f32055e8a2b3d01b9449a72a1077a7c79d41f56f5a0b20e159d5cd5837"
    }
  }
}
