{
  "lockVersion": 1,
  "hemlock": "1.1.0",
  "dependencies": {
    "Yotis-Studios/gn.hml": {
      "version": "0.2.2",
      "resolved": "https://github.com/Yotis-Studios/gn.hml/archive/refs/tags/v0.2.2.tar.gz",
      "integrity": "sha256-341ecf201fe2d97e903e045696d4c96c1d1ac67a10cb70cfe0f85b53abbe514a"
    }
  }
}
