{
  "lockVersion": 1,
  "hemlock": "1.1.0",
  "dependencies": {
    "Yotis-Studios/gn.hml": {
      "version": "0.1.0",
      "resolved": "https://github.com/Yotis-Stu/gn.hml/archive/refs/tags/v0.1.0.tar.gz",
      "integrity": "sha256-08e43bb44968a95a3869456938aeeec109721513e82472c16795bbfd1ec97120"
    }
  }
}
